
Microsoft Visual Studio Solution File, Format Version 12.00
# Visual Studio Version 16
VisualStudioVersion = 16.0.31624.102
MinimumVisualStudioVersion = 10.0.40219.1
Project("{FAE04EC0-301F-11D3-BF4B-00C04F79EFBC}") = "ConsoleApp1", "ConsoleApp1\ConsoleApp1.csproj", "{90BDE141-3144-4E7A-9EC7-17D0152DC5F6}"
EndProject
Global
	GlobalSection(SolutionConfigurationPlatforms) = preSolution
		Debug|Any CPU = Debug|Any CPU
		Release|Any CPU = Release|Any CPU
	EndGlobalSection
	GlobalSection(ProjectConfigurationPlatforms) = postSolution
		{90BDE141-3144-4E7A-9EC7-17D0152DC5F6}.Debug|Any CPU.ActiveCfg = Debug|Any CPU
		{90BDE141-3144-4E7A-9EC7-17D0152DC5F6}.Debug|Any CPU.Build.0 = Debug|Any CPU
		{90BDE141-3144-4E7A-9EC7-17D0152DC5F6}.Release|Any CPU.ActiveCfg = Release|Any CPU
		{90BDE141-3144-4E7A-9EC7-17D0152DC5F6}.Release|Any CPU.Build.0 = Release|Any CPU
	EndGlobalSection
	GlobalSection(SolutionProperties) = preSolution
		HideSolutionNode = FALSE
	EndGlobalSection
	GlobalSection(ExtensibilityGlobals) = postSolution
		SolutionGuid = {14B79E37-3715-4F20-8BFE-BB0261646FB8}
	EndGlobalSection
EndGlobal
